Microsoft Visual Studio Solution File, Format Version 12.00
# Visual Studio Version 17
VisualStudioVersion = 17.5.2.0
MinimumVisualStudioVersion = 10.0.40219.1
Project("{FAE04EC0-301F-11D3-BF4B-00C04F79EFBC}") = "GameSnake", "GameSnake.csproj", "{151FF8F4-4BA2-14A5-2A20-40C49B75FF77}"
EndProject
Global
	GlobalSection(SolutionConfigurationPlatforms) = preSolution
		Debug|Any CPU = Debug|Any CPU
		Release|Any CPU = Release|Any CPU
	EndGlobalSection
	GlobalSection(ProjectConfigurationPlatforms) = postSolution
		{151FF8F4-4BA2-14A5-2A20-40C49B75FF77}.Debug|Any CPU.ActiveCfg = Debug|Any CPU
		{151FF8F4-4BA2-14A5-2A20-40C49B75FF77}.Debug|Any CPU.Build.0 = Debug|Any CPU
		{151FF8F4-4BA2-14A5-2A20-40C49B75FF77}.Release|Any CPU.ActiveCfg = Release|Any CPU
		{151FF8F4-4BA2-14A5-2A20-40C49B75FF77}.Release|Any CPU.Build.0 = Release|Any CPU
	EndGlobalSection
	GlobalSection(SolutionProperties) = preSolution
		HideSolutionNode = FALSE
	EndGlobalSection
	GlobalSection(ExtensibilityGlobals) = postSolution
		SolutionGuid = {A26B111B-275B-4A6E-9351-B6EB2FC59655}
	EndGlobalSection
EndGlobal
